PODS:
  - boost-for-react-native (1.63.0)
  - DoubleConversion (1.1.6)
  - FBLazyVector (1000.0.0)
  - FBReactNativeSpec (1000.0.0):
    - RCT-Folly (= 2020.01.13.00)
    - RCTRequired (= 1000.0.0)
    - RCTTypeSafety (= 1000.0.0)
    - React-Core (= 1000.0.0)
    - React-jsi (= 1000.0.0)
    - ReactCommon/turbomodule/core (= 1000.0.0)
  - glog (0.3.5)
  - RCT-Folly (2020.01.13.00):
    - boost-for-react-native
    - DoubleConversion
    - glog
    - RCT-Folly/Default (= 2020.01.13.00)
  - RCT-Folly/Default (2020.01.13.00):
    - boost-for-react-native
    - DoubleConversion
    - glog
  - RCTRequired (1000.0.0)
  - RCTTypeSafety (1000.0.0):
    - FBLazyVector (= 1000.0.0)
    - RCT-Folly (= 2020.01.13.00)
    - RCTRequired (= 1000.0.0)
    - React-Core (= 1000.0.0)
  - React (1000.0.0):
    - React-Core (= 1000.0.0)
    - React-Core/DevSupport (= 1000.0.0)
    - React-Core/RCTWebSocket (= 1000.0.0)
    - React-RCTActionSheet (= 1000.0.0)
    - React-RCTAnimation (= 1000.0.0)
    - React-RCTBlob (= 1000.0.0)
    - React-RCTImage (= 1000.0.0)
    - React-RCTLinking (= 1000.0.0)
    - React-RCTNetwork (= 1000.0.0)
    - React-RCTSettings (= 1000.0.0)
    - React-RCTText (= 1000.0.0)
    - React-RCTVibration (= 1000.0.0)
  - React-callinvoker (1000.0.0)
  - React-Core (1000.0.0):
    - glog
    - RCT-Folly (= 2020.01.13.00)
    - React-Core/Default (= 1000.0.0)
    - React-cxxreact (= 1000.0.0)
    - React-jsi (= 1000.0.0)
    - React-jsiexecutor (= 1000.0.0)
    - React-perflogger (= 1000.0.0)
    - Yoga
  - React-Core/CoreModulesHeaders (1000.0.0):
    - glog
    - RCT-Folly (= 2020.01.13.00)
    - React-Core/Default
    - React-cxxreact (= 1000.0.0)
    - React-jsi (= 1000.0.0)
    - React-jsiexecutor (= 1000.0.0)
    - React-perflogger (= 1000.0.0)
    - Yoga
  - React-Core/Default (1000.0.0):
    - glog
    - RCT-Folly (= 2020.01.13.00)
    - React-cxxreact (= 1000.0.0)
    - React-jsi (= 1000.0.0)
    - React-jsiexecutor (= 1000.0.0)
    - React-perflogger (= 1000.0.0)
    - Yoga
  - React-Core/DevSupport (1000.0.0):
    - glog
    - RCT-Folly (= 2020.01.13.00)
    - React-Core/Default (= 1000.0.0)
    - React-Core/RCTWebSocket (= 1000.0.0)
    - React-cxxreact (= 1000.0.0)
    - React-jsi (= 1000.0.0)
    - React-jsiexecutor (= 1000.0.0)
    - React-jsinspector (= 1000.0.0)
    - React-perflogger (= 1000.0.0)
    - Yoga
  - React-Core/RCTActionSheetHeaders (1000.0.0):
    - glog
    - RCT-Folly (= 2020.01.13.00)
    - React-Core/Default
    - React-cxxreact (= 1000.0.0)
    - React-jsi (= 1000.0.0)
    - React-jsiexecutor (= 1000.0.0)
    - React-perflogger (= 1000.0.0)
    - Yoga
  - React-Core/RCTAnimationHeaders (1000.0.0):
    - glog
    - RCT-Folly (= 2020.01.13.00)
    - React-Core/Default
    - React-cxxreact (= 1000.0.0)
    - React-jsi (= 1000.0.0)
    - React-jsiexecutor (= 1000.0.0)
    - React-perflogger (= 1000.0.0)
    - Yoga
  - React-Core/RCTBlobHeaders (1000.0.0):
    - glog
    - RCT-Folly (= 2020.01.13.00)
    - React-Core/Default
    - React-cxxreact (= 1000.0.0)
    - React-jsi (= 1000.0.0)
    - React-jsiexecutor (= 1000.0.0)
    - React-perflogger (= 1000.0.0)
    - Yoga
  - React-Core/RCTImageHeaders (1000.0.0):
    - glog
    - RCT-Folly (= 2020.01.13.00)
    - React-Core/Default
    - React-cxxreact (= 1000.0.0)
    - React-jsi (= 1000.0.0)
    - React-jsiexecutor (= 1000.0.0)
    - React-perflogger (= 1000.0.0)
    - Yoga
  - React-Core/RCTLinkingHeaders (1000.0.0):
    - glog
    - RCT-Folly (= 2020.01.13.00)
    - React-Core/Default
    - React-cxxreact (= 1000.0.0)
    - React-jsi (= 1000.0.0)
    - React-jsiexecutor (= 1000.0.0)
    - React-perflogger (= 1000.0.0)
    - Yoga
  - React-Core/RCTNetworkHeaders (1000.0.0):
    - glog
    - RCT-Folly (= 2020.01.13.00)
    - React-Core/Default
    - React-cxxreact (= 1000.0.0)
    - React-jsi (= 1000.0.0)
    - React-jsiexecutor (= 1000.0.0)
    - React-perflogger (= 1000.0.0)
    - Yoga
  - React-Core/RCTSettingsHeaders (1000.0.0):
    - glog
    - RCT-Folly (= 2020.01.13.00)
    - React-Core/Default
    - React-cxxreact (= 1000.0.0)
    - React-jsi (= 1000.0.0)
    - React-jsiexecutor (= 1000.0.0)
    - React-perflogger (= 1000.0.0)
    - Yoga
  - React-Core/RCTTextHeaders (1000.0.0):
    - glog
    - RCT-Folly (= 2020.01.13.00)
    - React-Core/Default
    - React-cxxreact (= 1000.0.0)
    - React-jsi (= 1000.0.0)
    - React-jsiexecutor (= 1000.0.0)
    - React-perflogger (= 1000.0.0)
    - Yoga
  - React-Core/RCTVibrationHeaders (1000.0.0):
    - glog
    - RCT-Folly (= 2020.01.13.00)
    - React-Core/Default
    - React-cxxreact (= 1000.0.0)
    - React-jsi (= 1000.0.0)
    - React-jsiexecutor (= 1000.0.0)
    - React-perflogger (= 1000.0.0)
    - Yoga
  - React-Core/RCTWebSocket (1000.0.0):
    - glog
    - RCT-Folly (= 2020.01.13.00)
    - React-Core/Default (= 1000.0.0)
    - React-cxxreact (= 1000.0.0)
    - React-jsi (= 1000.0.0)
    - React-jsiexecutor (= 1000.0.0)
    - React-perflogger (= 1000.0.0)
    - Yoga
  - React-CoreModules (1000.0.0):
    - FBReactNativeSpec (= 1000.0.0)
    - RCT-Folly (= 2020.01.13.00)
    - RCTTypeSafety (= 1000.0.0)
    - React-Core/CoreModulesHeaders (= 1000.0.0)
    - React-jsi (= 1000.0.0)
    - React-RCTImage (= 1000.0.0)
    - ReactCommon/turbomodule/core (= 1000.0.0)
  - React-cxxreact (1000.0.0):
    - boost-for-react-native (= 1.63.0)
    - DoubleConversion
    - glog
    - RCT-Folly (= 2020.01.13.00)
    - React-callinvoker (= 1000.0.0)
    - React-jsi (= 1000.0.0)
    - React-jsinspector (= 1000.0.0)
    - React-perflogger (= 1000.0.0)
    - React-runtimeexecutor (= 1000.0.0)
  - React-jsi (1000.0.0):
    - boost-for-react-native (= 1.63.0)
    - DoubleConversion
    - glog
    - RCT-Folly (= 2020.01.13.00)
    - React-jsi/Default (= 1000.0.0)
  - React-jsi/Default (1000.0.0):
    - boost-for-react-native (= 1.63.0)
    - DoubleConversion
    - glog
    - RCT-Folly (= 2020.01.13.00)
  - React-jsiexecutor (1000.0.0):
    - DoubleConversion
    - glog
    - RCT-Folly (= 2020.01.13.00)
    - React-cxxreact (= 1000.0.0)
    - React-jsi (= 1000.0.0)
    - React-perflogger (= 1000.0.0)
  - React-jsinspector (1000.0.0)
  - React-perflogger (1000.0.0)
  - React-RCTActionSheet (1000.0.0):
    - React-Core/RCTActionSheetHeaders (= 1000.0.0)
  - React-RCTAnimation (1000.0.0):
    - FBReactNativeSpec (= 1000.0.0)
    - RCT-Folly (= 2020.01.13.00)
    - RCTTypeSafety (= 1000.0.0)
    - React-Core/RCTAnimationHeaders (= 1000.0.0)
    - React-jsi (= 1000.0.0)
    - ReactCommon/turbomodule/core (= 1000.0.0)
  - React-RCTBlob (1000.0.0):
    - FBReactNativeSpec (= 1000.0.0)
    - RCT-Folly (= 2020.01.13.00)
    - React-Core/RCTBlobHeaders (= 1000.0.0)
    - React-Core/RCTWebSocket (= 1000.0.0)
    - React-jsi (= 1000.0.0)
    - React-RCTNetwork (= 1000.0.0)
    - ReactCommon/turbomodule/core (= 1000.0.0)
  - React-RCTImage (1000.0.0):
    - FBReactNativeSpec (= 1000.0.0)
    - RCT-Folly (= 2020.01.13.00)
    - RCTTypeSafety (= 1000.0.0)
    - React-Core/RCTImageHeaders (= 1000.0.0)
    - React-jsi (= 1000.0.0)
    - React-RCTNetwork (= 1000.0.0)
    - ReactCommon/turbomodule/core (= 1000.0.0)
  - React-RCTLinking (1000.0.0):
    - FBReactNativeSpec (= 1000.0.0)
    - React-Core/RCTLinkingHeaders (= 1000.0.0)
    - React-jsi (= 1000.0.0)
    - ReactCommon/turbomodule/core (= 1000.0.0)
  - React-RCTNetwork (1000.0.0):
    - FBReactNativeSpec (= 1000.0.0)
    - RCT-Folly (= 2020.01.13.00)
    - RCTTypeSafety (= 1000.0.0)
    - React-Core/RCTNetworkHeaders (= 1000.0.0)
    - React-jsi (= 1000.0.0)
    - ReactCommon/turbomodule/core (= 1000.0.0)
  - React-RCTSettings (1000.0.0):
    - FBReactNativeSpec (= 1000.0.0)
    - RCT-Folly (= 2020.01.13.00)
    - RCTTypeSafety (= 1000.0.0)
    - React-Core/RCTSettingsHeaders (= 1000.0.0)
    - React-jsi (= 1000.0.0)
    - ReactCommon/turbomodule/core (= 1000.0.0)
  - React-RCTText (1000.0.0):
    - React-Core/RCTTextHeaders (= 1000.0.0)
  - React-RCTVibration (1000.0.0):
    - FBReactNativeSpec (= 1000.0.0)
    - RCT-Folly (= 2020.01.13.00)
    - React-Core/RCTVibrationHeaders (= 1000.0.0)
    - React-jsi (= 1000.0.0)
    - ReactCommon/turbomodule/core (= 1000.0.0)
  - React-runtimeexecutor (1000.0.0):
    - React-jsi (= 1000.0.0)
  - ReactCommon/turbomodule/core (1000.0.0):
    - DoubleConversion
    - glog
    - RCT-Folly (= 2020.01.13.00)
    - React-callinvoker (= 1000.0.0)
    - React-Core (= 1000.0.0)
    - React-cxxreact (= 1000.0.0)
    - React-jsi (= 1000.0.0)
    - React-perflogger (= 1000.0.0)
  - Yoga (1.14.0)

DEPENDENCIES:
  - DoubleConversion (from `../node_modules/react-native/third-party-podspecs/DoubleConversion.podspec`)
  - FBLazyVector (from `../node_modules/react-native/Libraries/FBLazyVector`)
  - FBReactNativeSpec (from `../node_modules/react-native/Libraries/FBReactNativeSpec`)
  - glog (from `../node_modules/react-native/third-party-podspecs/glog.podspec`)
  - RCT-Folly (from `../node_modules/react-native/third-party-podspecs/RCT-Folly.podspec`)
  - RCTRequired (from `../node_modules/react-native/Libraries/RCTRequired`)
  - RCTTypeSafety (from `../node_modules/react-native/Libraries/TypeSafety`)
  - React (from `../node_modules/react-native/`)
  - React-callinvoker (from `../node_modules/react-native/ReactCommon/callinvoker`)
  - React-Core (from `../node_modules/react-native/`)
  - React-Core/DevSupport (from `../node_modules/react-native/`)
  - React-Core/RCTWebSocket (from `../node_modules/react-native/`)
  - React-CoreModules (from `../node_modules/react-native/React/CoreModules`)
  - React-cxxreact (from `../node_modules/react-native/ReactCommon/cxxreact`)
  - React-jsi (from `../node_modules/react-native/ReactCommon/jsi`)
  - React-jsiexecutor (from `../node_modules/react-native/ReactCommon/jsiexecutor`)
  - React-jsinspector (from `../node_modules/react-native/ReactCommon/jsinspector`)
  - React-perflogger (from `../node_modules/react-native/ReactCommon/reactperflogger`)
  - React-RCTActionSheet (from `../node_modules/react-native/Libraries/ActionSheetIOS`)
  - React-RCTAnimation (from `../node_modules/react-native/Libraries/NativeAnimation`)
  - React-RCTBlob (from `../node_modules/react-native/Libraries/Blob`)
  - React-RCTImage (from `../node_modules/react-native/Libraries/Image`)
  - React-RCTLinking (from `../node_modules/react-native/Libraries/LinkingIOS`)
  - React-RCTNetwork (from `../node_modules/react-native/Libraries/Network`)
  - React-RCTSettings (from `../node_modules/react-native/Libraries/Settings`)
  - React-RCTText (from `../node_modules/react-native/Libraries/Text`)
  - React-RCTVibration (from `../node_modules/react-native/Libraries/Vibration`)
  - React-runtimeexecutor (from `../node_modules/react-native/ReactCommon/runtimeexecutor`)
  - ReactCommon/turbomodule/core (from `../node_modules/react-native/ReactCommon`)
  - Yoga (from `../node_modules/react-native/ReactCommon/yoga`)

SPEC REPOS:
  trunk:
    - boost-for-react-native

EXTERNAL SOURCES:
  DoubleConversion:
    :podspec: "../node_modules/react-native/third-party-podspecs/DoubleConversion.podspec"
  FBLazyVector:
    :path: "../node_modules/react-native/Libraries/FBLazyVector"
  FBReactNativeSpec:
    :path: "../node_modules/react-native/Libraries/FBReactNativeSpec"
  glog:
    :podspec: "../node_modules/react-native/third-party-podspecs/glog.podspec"
  RCT-Folly:
    :podspec: "../node_modules/react-native/third-party-podspecs/RCT-Folly.podspec"
  RCTRequired:
    :path: "../node_modules/react-native/Libraries/RCTRequired"
  RCTTypeSafety:
    :path: "../node_modules/react-native/Libraries/TypeSafety"
  React:
    :path: "../node_modules/react-native/"
  React-callinvoker:
    :path: "../node_modules/react-native/ReactCommon/callinvoker"
  React-Core:
    :path: "../node_modules/react-native/"
  React-CoreModules:
    :path: "../node_modules/react-native/React/CoreModules"
  React-cxxreact:
    :path: "../node_modules/react-native/ReactCommon/cxxreact"
  React-jsi:
    :path: "../node_modules/react-native/ReactCommon/jsi"
  React-jsiexecutor:
    :path: "../node_modules/react-native/ReactCommon/jsiexecutor"
  React-jsinspector:
    :path: "../node_modules/react-native/ReactCommon/jsinspector"
  React-perflogger:
    :path: "../node_modules/react-native/ReactCommon/reactperflogger"
  React-RCTActionSheet:
    :path: "../node_modules/react-native/Libraries/ActionSheetIOS"
  React-RCTAnimation:
    :path: "../node_modules/react-native/Libraries/NativeAnimation"
  React-RCTBlob:
    :path: "../node_modules/react-native/Libraries/Blob"
  React-RCTImage:
    :path: "../node_modules/react-native/Libraries/Image"
  React-RCTLinking:
    :path: "../node_modules/react-native/Libraries/LinkingIOS"
  React-RCTNetwork:
    :path: "../node_modules/react-native/Libraries/Network"
  React-RCTSettings:
    :path: "../node_modules/react-native/Libraries/Settings"
  React-RCTText:
    :path: "../node_modules/react-native/Libraries/Text"
  React-RCTVibration:
    :path: "../node_modules/react-native/Libraries/Vibration"
  React-runtimeexecutor:
    :path: "../node_modules/react-native/ReactCommon/runtimeexecutor"
  ReactCommon:
    :path: "../node_modules/react-native/ReactCommon"
  Yoga:
    :path: "../node_modules/react-native/ReactCommon/yoga"

SPEC CHECKSUMS:
  boost-for-react-native: 39c7adb57c4e60d6c5479dd8623128eb5b3f0f2c
  DoubleConversion: cde416483dac037923206447da6e1454df403714
  FBLazyVector: 06df5d93cd5b82836f142f3070f80eaeeda39b60
  FBReactNativeSpec: c09046b39c64ab6cb08bd959f3c695f1fd4ebbe3
  glog: 40a13f7840415b9a77023fbcae0f1e6f43192af3
  RCT-Folly: ec7a233ccc97cc556cf7237f0db1ff65b986f27c
  RCTRequired: 0521cd47f6dd1a30f6f73f6dac4ba738dd94a1bf
  RCTTypeSafety: 4a47d18ef8508a8506fea293d2cfd9b35082e016
  React: ce85bbb51e041553c0417ea3f31712563bd9c87b
  React-callinvoker: 95c161e289496d244173fb967ef18131d8482f5a
  React-Core: d41798b8202cb1b9cc0bab49ef93a94f8cdbf875
  React-CoreModules: 52b50d02b215c710c3fb84419b4d2643fb14f1dc
  React-cxxreact: 91593459349e5abb5cc71060835804f98f9c4db2
  React-jsi: 5d3a16ab1efe4548897d77f1ea8afca9bc88fd7f
  React-jsiexecutor: fa43c9caa760670ec1a25f44f3e9f3c11f5aa2c9
  React-jsinspector: 26bb5c076bc61e3dd3b5a89199862ef59aa1d4c0
  React-perflogger: d00bf947270340624ee98864e76ed93a69711eaa
  React-RCTActionSheet: 300dbe5d882e70a1b4efc3726e53d7a63bedabee
  React-RCTAnimation: a8d8bd164305ccb1a2bc7c68fa22ae50d94b17f0
  React-RCTBlob: d8224ca667398171e5f421480af328e9601261ff
  React-RCTImage: 21b7b1470d28414434e0c0130230f37676072fe8
  React-RCTLinking: af9bf5f844cfc5e47e85be6f59d8309f21d187cc
  React-RCTNetwork: cd10f42baabb79b12f73713030cee4bdfe6a706d
  React-RCTSettings: 7be239d2f24378bbc2c946c1ac5bd25d33573f5b
  React-RCTText: 203291348697415f4e20e5620c23e1e553453ad3
  React-RCTVibration: a7185606fde60415bff1dbc346b0527e177515bf
  React-runtimeexecutor: 7f175599e0b277cfce812958f1f0deaf2cab72fb
  ReactCommon: 08c711b36bda2cf330f8b2685c722031e49920ac
  Yoga: d7b80d37520db6d502e23aa8641f07b17d8237a1

PODFILE CHECKSUM: 05fea420fcbd238496c20d8f5e47ddbad2119f14

COCOAPODS: 1.10.0
